schema: '2.0'
stages:
  data_ingestion:
    cmd: python src/data/data_ingestion.py
    deps:
    - path: src/data/data_ingestion.py
      hash: md5
      md5: 527c44ff209dccdc357d6319aebd181d
      size: 3395
    params:
      params.yaml:
        data_ingestion.test_size: 0.25
    outs:
    - path: data/raw
      hash: md5
      md5: 4cb13be77d38db01f1457549ce0e0406.dir
      size: 649243
      nfiles: 2
